
Microsoft Visual Studio Solution File, Format Version 12.00
# Visual Studio Version 17
VisualStudioVersion = 17.8.34330.188
MinimumVisualStudioVersion = 10.0.40219.1
Project("{FAE04EC0-301F-11D3-BF4B-00C04F79EFBC}") = "ReadyTech.API", "ReadyTech.API\ReadyTech.API.csproj", "{88E10FCD-B9A9-4A0E-AFA5-6E432BBAE8C3}"
EndProject
Project("{FAE04EC0-301F-11D3-BF4B-00C04F79EFBC}") = "ReadyTech.Test", "ReadyTech.Test\ReadyTech.Test.csproj", "{77BA74AE-7E28-4ADD-B8ED-6A94E5ACFBA3}"
EndProject
Global
	GlobalSection(SolutionConfigurationPlatforms) = preSolution
		Debug|Any CPU = Debug|Any CPU
		Release|Any CPU = Release|Any CPU
	EndGlobalSection
	GlobalSection(ProjectConfigurationPlatforms) = postSolution
		{88E10FCD-B9A9-4A0E-AFA5-6E432BBAE8C3}.Debug|Any CPU.ActiveCfg = Debug|Any CPU
		{88E10FCD-B9A9-4A0E-AFA5-6E432BBAE8C3}.Debug|Any CPU.Build.0 = Debug|Any CPU
		{88E10FCD-B9A9-4A0E-AFA5-6E432BBAE8C3}.Release|Any CPU.ActiveCfg = Release|Any CPU
		{88E10FCD-B9A9-4A0E-AFA5-6E432BBAE8C3}.Release|Any CPU.Build.0 = Release|Any CPU
		{77BA74AE-7E28-4ADD-B8ED-6A94E5ACFBA3}.Debug|Any CPU.ActiveCfg = Debug|Any CPU
		{77BA74AE-7E28-4ADD-B8ED-6A94E5ACFBA3}.Debug|Any CPU.Build.0 = Debug|Any CPU
		{77BA74AE-7E28-4ADD-B8ED-6A94E5ACFBA3}.Release|Any CPU.ActiveCfg = Release|Any CPU
		{77BA74AE-7E28-4ADD-B8ED-6A94E5ACFBA3}.Release|Any CPU.Build.0 = Release|Any CPU
	EndGlobalSection
	GlobalSection(SolutionProperties) = preSolution
		HideSolutionNode = FALSE
	EndGlobalSection
	GlobalSection(ExtensibilityGlobals) = postSolution
		SolutionGuid = {57FFA26C-20C5-4831-AC7B-A0958C7D3ED4}
	EndGlobalSection
EndGlobal
